
Microsoft Visual Studio Solution File, Format Version 12.00
# Visual Studio Version 17
VisualStudioVersion = 17.0.31808.319
MinimumVisualStudioVersion = 10.0.40219.1
Project("{FAE04EC0-301F-11D3-BF4B-00C04F79EFBC}") = "DigitalClockWinForms", "DigitalClockWinForms\DigitalClockWinForms.csproj", "{1A4A38FF-A486-4AA7-8188-207E4308424D}"
EndProject
Global
	GlobalSection(SolutionConfigurationPlatforms) = preSolution
		Debug|Any CPU = Debug|Any CPU
		Release|Any CPU = Release|Any CPU
	EndGlobalSection
	GlobalSection(ProjectConfigurationPlatforms) = postSolution
		{1A4A38FF-A486-4AA7-8188-207E4308424D}.Debug|Any CPU.ActiveCfg = Debug|Any CPU
		{1A4A38FF-A486-4AA7-8188-207E4308424D}.Debug|Any CPU.Build.0 = Debug|Any CPU
		{1A4A38FF-A486-4AA7-8188-207E4308424D}.Release|Any CPU.ActiveCfg = Release|Any CPU
		{1A4A38FF-A486-4AA7-8188-207E4308424D}.Release|Any CPU.Build.0 = Release|Any CPU
	EndGlobalSection
	GlobalSection(SolutionProperties) = preSolution
		HideSolutionNode = FALSE
	EndGlobalSection
	GlobalSection(ExtensibilityGlobals) = postSolution
		SolutionGuid = {46688D26-9106-4E68-8AFE-8848AA161E7B}
	EndGlobalSection
EndGlobal
